
Microsoft Visual Studio Solution File, Format Version 12.00
# Visual Studio 2012
Project("{FAE04EC0-301F-11D3-BF4B-00C04F79EFBC}") = "RepositoryT.RavenDb", "RepositoryT.RavenDb\RepositoryT.RavenDb.csproj", "{D0D87FA6-D1AD-4444-A0F5-8B32B2508CF3}"
EndProject
Project("{2150E333-8FDC-42A3-9474-1A3956D46DE8}") = ".nuget", ".nuget", "{69219144-5783-4B97-A233-56CCB4AB61B9}"
	ProjectSection(SolutionItems) = preProject
		.nuget\NuGet.Config = .nuget\NuGet.Config
		.nuget\NuGet.exe = .nuget\NuGet.exe
		.nuget\NuGet.targets = .nuget\NuGet.targets
	EndProjectSection
EndProject
Project("{FAE04EC0-301F-11D3-BF4B-00C04F79EFBC}") = "RepositoryT.RavenDb.MvcSample", "RepositoryT.RavenDb.MvcSample\RepositoryT.RavenDb.MvcSample.csproj", "{9EA2EBB4-8A6F-4AF3-BD82-D3849A82D7A7}"
EndProject
Global
	GlobalSection(SolutionConfigurationPlatforms) = preSolution
		Debug|Any CPU = Debug|Any CPU
		Release|Any CPU = Release|Any CPU
	EndGlobalSection
	GlobalSection(ProjectConfigurationPlatforms) = postSolution
		{D0D87FA6-D1AD-4444-A0F5-8B32B2508CF3}.Debug|Any CPU.ActiveCfg = Debug|Any CPU
		{D0D87FA6-D1AD-4444-A0F5-8B32B2508CF3}.Debug|Any CPU.Build.0 = Debug|Any CPU
		{D0D87FA6-D1AD-4444-A0F5-8B32B2508CF3}.Release|Any CPU.ActiveCfg = Release|Any CPU
		{D0D87FA6-D1AD-4444-A0F5-8B32B2508CF3}.Release|Any CPU.Build.0 = Release|Any CPU
		{9EA2EBB4-8A6F-4AF3-BD82-D3849A82D7A7}.Debug|Any CPU.ActiveCfg = Debug|Any CPU
		{9EA2EBB4-8A6F-4AF3-BD82-D3849A82D7A7}.Debug|Any CPU.Build.0 = Debug|Any CPU
		{9EA2EBB4-8A6F-4AF3-BD82-D3849A82D7A7}.Release|Any CPU.ActiveCfg = Release|Any CPU
		{9EA2EBB4-8A6F-4AF3-BD82-D3849A82D7A7}.Release|Any CPU.Build.0 = Release|Any CPU
	EndGlobalSection
	GlobalSection(SolutionProperties) = preSolution
		HideSolutionNode = FALSE
	EndGlobalSection
EndGlobal
